// !$*UTF8*$!
{
	archiveVersion = 1;
	classes = {
	};
	objectVersion = 56;
	objects = {

/* Begin PBXBuildFile section */
		240C761B2952A52100C25880 /* TargeyApp.swift in Sources */ = {isa = PBXBuildFile; fileRef = 240C761A2952A52100C25880 /* TargeyApp.swift */; };
		240C761D2952A52100C25880 /* Tab.swift in Sources */ = {isa = PBXBuildFile; fileRef = 240C761C2952A52100C25880 /* Tab.swift */; };
		240C761F2952A52400C25880 /* Assets.xcassets in Resources */ = {isa = PBXBuildFile; fileRef = 240C761E2952A52400C25880 /* Assets.xcassets */; };
		240C76222952A52400C25880 /* Preview Assets.xcassets in Resources */ = {isa = PBXBuildFile; fileRef = 240C76212952A52400C25880 /* Preview Assets.xcassets */; };
		240C762A2952A5D700C25880 /* Color+EXT.swift in Sources */ = {isa = PBXBuildFile; fileRef = 240C76292952A5D700C25880 /* Color+EXT.swift */; };
		240C762D2952A64E00C25880 /* Discover.swift in Sources */ = {isa = PBXBuildFile; fileRef = 240C762C2952A64E00C25880 /* Discover.swift */; };
		240C76312952DA5600C25880 /* URL+EXT.swift in Sources */ = {isa = PBXBuildFile; fileRef = 240C76302952DA5600C25880 /* URL+EXT.swift */; };
		240C76342952DB4700C25880 /* SearchManager.swift in Sources */ = {isa = PBXBuildFile; fileRef = 240C76332952DB4700C25880 /* SearchManager.swift */; };
		240C76372952DD1C00C25880 /* SearchViewModel.swift in Sources */ = {isa = PBXBuildFile; fileRef = 240C76362952DD1C00C25880 /* SearchViewModel.swift */; };
		240C763A2953CF9900C25880 /* SelectedMerchandiseView.swift in Sources */ = {isa = PBXBuildFile; fileRef = 240C76392953CF9900C25880 /* SelectedMerchandiseView.swift */; };
		240C763D2953D27E00C25880 /* Merchandise.swift in Sources */ = {isa = PBXBuildFile; fileRef = 240C763C2953D27E00C25880 /* Merchandise.swift */; };
		240C76402953D77300C25880 /* Merchandise+EXT.swift in Sources */ = {isa = PBXBuildFile; fileRef = 240C763F2953D77300C25880 /* Merchandise+EXT.swift */; };
		240C76422953E22000C25880 /* Image+EXT.swift in Sources */ = {isa = PBXBuildFile; fileRef = 240C76412953E22000C25880 /* Image+EXT.swift */; };
		240C764629540C2B00C25880 /* View+EXT.swift in Sources */ = {isa = PBXBuildFile; fileRef = 240C764529540C2B00C25880 /* View+EXT.swift */; };
		240C76482954186E00C25880 /* Search.swift in Sources */ = {isa = PBXBuildFile; fileRef = 240C76472954186E00C25880 /* Search.swift */; };
		2419226C2976223500FE2CB3 /* UserSettingsView.swift in Sources */ = {isa = PBXBuildFile; fileRef = 2419226B2976223500FE2CB3 /* UserSettingsView.swift */; };
		2419226E29763AAD00FE2CB3 /* SelectedItemInShoppingList.swift in Sources */ = {isa = PBXBuildFile; fileRef = 2419226D29763AAD00FE2CB3 /* SelectedItemInShoppingList.swift */; };
		241922702976501A00FE2CB3 /* CDShopItem+EXT.swift in Sources */ = {isa = PBXBuildFile; fileRef = 2419226F2976501A00FE2CB3 /* CDShopItem+EXT.swift */; };
		241922742977009B00FE2CB3 /* MyList.swift in Sources */ = {isa = PBXBuildFile; fileRef = 241922732977009B00FE2CB3 /* MyList.swift */; };
		241EE922295F6F9B005F41D9 /* Shopping List.swift in Sources */ = {isa = PBXBuildFile; fileRef = 241EE921295F6F9B005F41D9 /* Shopping List.swift */; };
		241EE924295F7629005F41D9 /* ShoppingListViewModel.swift in Sources */ = {isa = PBXBuildFile; fileRef = 241EE923295F7629005F41D9 /* ShoppingListViewModel.swift */; };
		243BBC0029711A010098872A /* ViewController.swift in Sources */ = {isa = PBXBuildFile; fileRef = 243BBBFF29711A010098872A /* ViewController.swift */; };
		246A01322974444500797654 /* ScannedProductInformationView.swift in Sources */ = {isa = PBXBuildFile; fileRef = 246A01312974444500797654 /* ScannedProductInformationView.swift */; };
		2486C233296B2D2B00A693E6 /* ShoppingList.xcdatamodeld in Sources */ = {isa = PBXBuildFile; fileRef = 2486C231296B2D2B00A693E6 /* ShoppingList.xcdatamodeld */; };
		2499532A296A601100978543 /* CameraOutputView.swift in Sources */ = {isa = PBXBuildFile; fileRef = 24995329296A601100978543 /* CameraOutputView.swift */; };
		2499532C296A60D100978543 /* ShoppingListBarcodeScannerView.swift in Sources */ = {isa = PBXBuildFile; fileRef = 2499532B296A60D100978543 /* ShoppingListBarcodeScannerView.swift */; };
		2499532E296A657500978543 /* ShoppingListManualEnterView.swift in Sources */ = {isa = PBXBuildFile; fileRef = 2499532D296A657500978543 /* ShoppingListManualEnterView.swift */; };
		24995330296A791700978543 /* String+EXT.swift in Sources */ = {isa = PBXBuildFile; fileRef = 2499532F296A791700978543 /* String+EXT.swift */; };
		24A2DAE1296DE08700C79807 /* Promotion.swift in Sources */ = {isa = PBXBuildFile; fileRef = 24A2DAE0296DE08700C79807 /* Promotion.swift */; };
		24A2DAE4296DE12B00C79807 /* PromotionsManager.swift in Sources */ = {isa = PBXBuildFile; fileRef = 24A2DAE3296DE12B00C79807 /* PromotionsManager.swift */; };
		24A2DAE7296DE48B00C79807 /* GoogleService-Info.plist in Resources */ = {isa = PBXBuildFile; fileRef = 24A2DAE6296DE48B00C79807 /* GoogleService-Info.plist */; };
		24A2DAE9296DE54600C79807 /* DogProgessView.swift in Sources */ = {isa = PBXBuildFile; fileRef = 24A2DAE8296DE54600C79807 /* DogProgessView.swift */; };
		24A2DAEC296DE5B700C79807 /* HangTightProgressView.swift in Sources */ = {isa = PBXBuildFile; fileRef = 24A2DAEB296DE5B700C79807 /* HangTightProgressView.swift */; };
		24A2DAEE296DE99A00C79807 /* PromotionsViewModel.swift in Sources */ = {isa = PBXBuildFile; fileRef = 24A2DAED296DE99A00C79807 /* PromotionsViewModel.swift */; };
		24A2DAF0296DEA5800C79807 /* PromotionsView.swift in Sources */ = {isa = PBXBuildFile; fileRef = 24A2DAEF296DEA5800C79807 /* PromotionsView.swift */; };
		24A2DAF2296DEA9900C79807 /* PromotionsCellView.swift in Sources */ = {isa = PBXBuildFile; fileRef = 24A2DAF1296DEA9900C79807 /* PromotionsCellView.swift */; };
		24A2DAF4296DEF8100C79807 /* SelectedPromotionView.swift in Sources */ = {isa = PBXBuildFile; fileRef = 24A2DAF3296DEF8100C79807 /* SelectedPromotionView.swift */; };
		24A2DAF6296DF05500C79807 /* ImageParralaxView.swift in Sources */ = {isa = PBXBuildFile; fileRef = 24A2DAF5296DF05500C79807 /* ImageParralaxView.swift */; };
		24A2DAF8296DF4A000C79807 /* SelectedPromotonResultsView.swift in Sources */ = {isa = PBXBuildFile; fileRef = 24A2DAF7296DF4A000C79807 /* SelectedPromotonResultsView.swift */; };
		24A2DAFB296DFB4F00C79807 /* NoResultsFoundView.swift in Sources */ = {isa = PBXBuildFile; fileRef = 24A2DAFA296DFB4F00C79807 /* NoResultsFoundView.swift */; };
		24A2DAFE296DFBA200C79807 /* SearchResultsView.swift in Sources */ = {isa = PBXBuildFile; fileRef = 24A2DAFD296DFBA200C79807 /* SearchResultsView.swift */; };
		24A2DB01296DFCC700C79807 /* ShoppingListEmptyView.swift in Sources */ = {isa = PBXBuildFile; fileRef = 24A2DB00296DFCC700C79807 /* ShoppingListEmptyView.swift */; };
		24BB47062958E79C00F48821 /* BarcodeScannerView.swift in Sources */ = {isa = PBXBuildFile; fileRef = 24BB47052958E79C00F48821 /* BarcodeScannerView.swift */; };
		24BB47092958E7D700F48821 /* CameraModel.swift in Sources */ = {isa = PBXBuildFile; fileRef = 24BB47082958E7D700F48821 /* CameraModel.swift */; };
		24BB470B295936B600F48821 /* Scanned.swift in Sources */ = {isa = PBXBuildFile; fileRef = 24BB470A295936B600F48821 /* Scanned.swift */; };
		24BB470D2959461C00F48821 /* ScannedProduct+EXT.swift in Sources */ = {isa = PBXBuildFile; fileRef = 24BB470C2959461C00F48821 /* ScannedProduct+EXT.swift */; };
		24BB470F2959466600F48821 /* Nearby Store.swift in Sources */ = {isa = PBXBuildFile; fileRef = 24BB470E2959466600F48821 /* Nearby Store.swift */; };
		24BB47112959468F00F48821 /* ScannedProductView.swift in Sources */ = {isa = PBXBuildFile; fileRef = 24BB47102959468F00F48821 /* ScannedProductView.swift */; };
		24C4286F295A56F6006CDE35 /* SelectedStoreInStockView.swift in Sources */ = {isa = PBXBuildFile; fileRef = 24C4286E295A56F6006CDE35 /* SelectedStoreInStockView.swift */; };
		24C42871295A574E006CDE35 /* Keys.plist in Resources */ = {isa = PBXBuildFile; fileRef = 24C42870295A574E006CDE35 /* Keys.plist */; };
		24C42873295A59F7006CDE35 /* RedCircle.swift in Sources */ = {isa = PBXBuildFile; fileRef = 24C42872295A59F7006CDE35 /* RedCircle.swift */; };
		24C64301296A3D1C00BA5644 /* SearchRequestManager.swift in Sources */ = {isa = PBXBuildFile; fileRef = 24C64300296A3D1C00BA5644 /* SearchRequestManager.swift */; };
		24C64303296A513B00BA5644 /* ShoppingListMerchandiseResultsView.swift in Sources */ = {isa = PBXBuildFile; fileRef = 24C64302296A513B00BA5644 /* ShoppingListMerchandiseResultsView.swift */; };
		24CA98702955A679009BACD6 /* SelectFavoriteStoreView.swift in Sources */ = {isa = PBXBuildFile; fileRef = 24CA986F2955A679009BACD6 /* SelectFavoriteStoreView.swift */; };
		24CA9872295630D5009BACD6 /* Annotation.swift in Sources */ = {isa = PBXBuildFile; fileRef = 24CA9871295630D5009BACD6 /* Annotation.swift */; };
		24CA987429563E96009BACD6 /* SelectedStore.swift in Sources */ = {isa = PBXBuildFile; fileRef = 24CA987329563E96009BACD6 /* SelectedStore.swift */; };
		24CA98762956D0E9009BACD6 /* OnBoardModel.swift in Sources */ = {isa = PBXBuildFile; fileRef = 24CA98752956D0E9009BACD6 /* OnBoardModel.swift */; };
		24CA98782956D382009BACD6 /* ThankYouView.swift in Sources */ = {isa = PBXBuildFile; fileRef = 24CA98772956D382009BACD6 /* ThankYouView.swift */; };
		24CA987B2956E084009BACD6 /* MerchandiseStockView.swift in Sources */ = {isa = PBXBuildFile; fileRef = 24CA987A2956E084009BACD6 /* MerchandiseStockView.swift */; };
		24CA987D29576E9C009BACD6 /* Store+EXT.swift in Sources */ = {isa = PBXBuildFile; fileRef = 24CA987C29576E9C009BACD6 /* Store+EXT.swift */; };
		24E097862972768100FC2837 /* ShoppingListScannedItemView.swift in Sources */ = {isa = PBXBuildFile; fileRef = 24E097852972768100FC2837 /* ShoppingListScannedItemView.swift */; };
		24F5BE6C29709A49004BC04F /* DiscoverContentSection.swift in Sources */ = {isa = PBXBuildFile; fileRef = 24F5BE6B29709A49004BC04F /* DiscoverContentSection.swift */; };
		24F6A02A29544AD60032D4B3 /* UINav+EXT.swift in Sources */ = {isa = PBXBuildFile; fileRef = 24F6A02929544AD60032D4B3 /* UINav+EXT.swift */; };
		24F6A02C29544DBA0032D4B3 /* Launch.storyboard in Resources */ = {isa = PBXBuildFile; fileRef = 24F6A02B29544DBA0032D4B3 /* Launch.storyboard */; };
		24F6A02F295503D50032D4B3 /* Store.swift in Sources */ = {isa = PBXBuildFile; fileRef = 24F6A02E295503D50032D4B3 /* Store.swift */; };
		24F6A0312955091B0032D4B3 /* StoreStockManager.swift in Sources */ = {isa = PBXBuildFile; fileRef = 24F6A0302955091B0032D4B3 /* StoreStockManager.swift */; };
		24F6A03429557DAC0032D4B3 /* WelcomeView.swift in Sources */ = {isa = PBXBuildFile; fileRef = 24F6A03329557DAC0032D4B3 /* WelcomeView.swift */; };
		24F6A03829557F3A0032D4B3 /* HomeStoreView.swift in Sources */ = {isa = PBXBuildFile; fileRef = 24F6A03729557F3A0032D4B3 /* HomeStoreView.swift */; };
		24F6A040295590140032D4B3 /* ShoppingListManager.swift in Sources */ = {isa = PBXBuildFile; fileRef = 24F6A03F295590140032D4B3 /* ShoppingListManager.swift */; };
		24F6A055295596A40032D4B3 /* LocationManager.swift in Sources */ = {isa = PBXBuildFile; fileRef = 24F6A054295596A40032D4B3 /* LocationManager.swift */; };
		24FB7A98295CA66C00C578E4 /* ShoppingList.swift in Sources */ = {isa = PBXBuildFile; fileRef = 24FB7A97295CA66C00C578E4 /* ShoppingList.swift */; };
		28BC87A402D4E792DE2F094A /* Pods_Targey.framework in Frameworks */ = {isa = PBXBuildFile; fileRef = A81BBFB35CDA08B5D840CB42 /* Pods_Targey.framework */; };
/* End PBXBuildFile section */

/* Begin PBXFileReference section */
		240C76172952A52100C25880 /* Targey.app */ = {isa = PBXFileReference; explicitFileType = wrapper.application; includeInIndex = 0; path = Targey.app; sourceTree = BUILT_PRODUCTS_DIR; };
		240C761A2952A52100C25880 /* TargeyApp.swift */ = {isa = PBXFileReference; lastKnownFileType = sourcecode.swift; path = TargeyApp.swift; sourceTree = "<group>"; };
		240C761C2952A52100C25880 /* Tab.swift */ = {isa = PBXFileReference; lastKnownFileType = sourcecode.swift; path = Tab.swift; sourceTree = "<group>"; };
		240C761E2952A52400C25880 /* Assets.xcassets */ = {isa = PBXFileReference; lastKnownFileType = folder.assetcatalog; path = Assets.xcassets; sourceTree = "<group>"; };
		240C76212952A52400C25880 /* Preview Assets.xcassets */ = {isa = PBXFileReference; lastKnownFileType = folder.assetcatalog; path = "Preview Assets.xcassets"; sourceTree = "<group>"; };
		240C76292952A5D700C25880 /* Color+EXT.swift */ = {isa = PBXFileReference; lastKnownFileType = sourcecode.swift; path = "Color+EXT.swift"; sourceTree = "<group>"; };
		240C762C2952A64E00C25880 /* Discover.swift */ = {isa = PBXFileReference; lastKnownFileType = sourcecode.swift; path = Discover.swift; sourceTree = "<group>"; };
		240C76302952DA5600C25880 /* URL+EXT.swift */ = {isa = PBXFileReference; lastKnownFileType = sourcecode.swift; path = "URL+EXT.swift"; sourceTree = "<group>"; };
		240C76332952DB4700C25880 /* SearchManager.swift */ = {isa = PBXFileReference; lastKnownFileType = sourcecode.swift; path = SearchManager.swift; sourceTree = "<group>"; };
		240C76362952DD1C00C25880 /* SearchViewModel.swift */ = {isa = PBXFileReference; lastKnownFileType = sourcecode.swift; path = SearchViewModel.swift; sourceTree = "<group>"; };
		240C76392953CF9900C25880 /* SelectedMerchandiseView.swift */ = {isa = PBXFileReference; lastKnownFileType = sourcecode.swift; path = SelectedMerchandiseView.swift; sourceTree = "<group>"; };
		240C763C2953D27E00C25880 /* Merchandise.swift */ = {isa = PBXFileReference; lastKnownFileType = sourcecode.swift; path = Merchandise.swift; sourceTree = "<group>"; };
		240C763F2953D77300C25880 /* Merchandise+EXT.swift */ = {isa = PBXFileReference; lastKnownFileType = sourcecode.swift; path = "Merchandise+EXT.swift"; sourceTree = "<group>"; };
		240C76412953E22000C25880 /* Image+EXT.swift */ = {isa = PBXFileReference; lastKnownFileType = sourcecode.swift; path = "Image+EXT.swift"; sourceTree = "<group>"; };
		240C764529540C2B00C25880 /* View+EXT.swift */ = {isa = PBXFileReference; lastKnownFileType = sourcecode.swift; path = "View+EXT.swift"; sourceTree = "<group>"; };
		240C76472954186E00C25880 /* Search.swift */ = {isa = PBXFileReference; lastKnownFileType = sourcecode.swift; path = Search.swift; sourceTree = "<group>"; };
		2419226B2976223500FE2CB3 /* UserSettingsView.swift */ = {isa = PBXFileReference; lastKnownFileType = sourcecode.swift; path = UserSettingsView.swift; sourceTree = "<group>"; };
		2419226D29763AAD00FE2CB3 /* SelectedItemInShoppingList.swift */ = {isa = PBXFileReference; lastKnownFileType = sourcecode.swift; path = SelectedItemInShoppingList.swift; sourceTree = "<group>"; };
		2419226F2976501A00FE2CB3 /* CDShopItem+EXT.swift */ = {isa = PBXFileReference; lastKnownFileType = sourcecode.swift; path = "CDShopItem+EXT.swift"; sourceTree = "<group>"; };
		241922732977009B00FE2CB3 /* MyList.swift */ = {isa = PBXFileReference; lastKnownFileType = sourcecode.swift; path = MyList.swift; sourceTree = "<group>"; };
		241EE921295F6F9B005F41D9 /* Shopping List.swift */ = {isa = PBXFileReference; lastKnownFileType = sourcecode.swift; path = "Shopping List.swift"; sourceTree = "<group>"; };
		241EE923295F7629005F41D9 /* ShoppingListViewModel.swift */ = {isa = PBXFileReference; lastKnownFileType = sourcecode.swift; path = ShoppingListViewModel.swift; sourceTree = "<group>"; };
		243BBBFF29711A010098872A /* ViewController.swift */ = {isa = PBXFileReference; lastKnownFileType = sourcecode.swift; path = ViewController.swift; sourceTree = "<group>"; };
		246A01312974444500797654 /* ScannedProductInformationView.swift */ = {isa = PBXFileReference; lastKnownFileType = sourcecode.swift; path = ScannedProductInformationView.swift; sourceTree = "<group>"; };
		2486C232296B2D2B00A693E6 /* ShoppingList.xcdatamodel */ = {isa = PBXFileReference; lastKnownFileType = wrapper.xcdatamodel; path = ShoppingList.xcdatamodel; sourceTree = "<group>"; };
		24995329296A601100978543 /* CameraOutputView.swift */ = {isa = PBXFileReference; lastKnownFileType = sourcecode.swift; path = CameraOutputView.swift; sourceTree = "<group>"; };
		2499532B296A60D100978543 /* ShoppingListBarcodeScannerView.swift */ = {isa = PBXFileReference; lastKnownFileType = sourcecode.swift; path = ShoppingListBarcodeScannerView.swift; sourceTree = "<group>"; };
		2499532D296A657500978543 /* ShoppingListManualEnterView.swift */ = {isa = PBXFileReference; lastKnownFileType = sourcecode.swift; path = ShoppingListManualEnterView.swift; sourceTree = "<group>"; };
		2499532F296A791700978543 /* String+EXT.swift */ = {isa = PBXFileReference; lastKnownFileType = sourcecode.swift; path = "String+EXT.swift"; sourceTree = "<group>"; };
		24A2DAE0296DE08700C79807 /* Promotion.swift */ = {isa = PBXFileReference; lastKnownFileType = sourcecode.swift; path = Promotion.swift; sourceTree = "<group>"; };
		24A2DAE3296DE12B00C79807 /* PromotionsManager.swift */ = {isa = PBXFileReference; lastKnownFileType = sourcecode.swift; path = PromotionsManager.swift; sourceTree = "<group>"; };
		24A2DAE6296DE48B00C79807 /* GoogleService-Info.plist */ = {isa = PBXFileReference; fileEncoding = 4; lastKnownFileType = text.plist.xml; path = "GoogleService-Info.plist"; sourceTree = "<group>"; };
		24A2DAE8296DE54600C79807 /* DogProgessView.swift */ = {isa = PBXFileReference; lastKnownFileType = sourcecode.swift; path = DogProgessView.swift; sourceTree = "<group>"; };
		24A2DAEB296DE5B700C79807 /* HangTightProgressView.swift */ = {isa = PBXFileReference; lastKnownFileType = sourcecode.swift; path = HangTightProgressView.swift; sourceTree = "<group>"; };
		24A2DAED296DE99A00C79807 /* PromotionsViewModel.swift */ = {isa = PBXFileReference; lastKnownFileType = sourcecode.swift; path = PromotionsViewModel.swift; sourceTree = "<group>"; };
		24A2DAEF296DEA5800C79807 /* PromotionsView.swift */ = {isa = PBXFileReference; lastKnownFileType = sourcecode.swift; path = PromotionsView.swift; sourceTree = "<group>"; };
		24A2DAF1296DEA9900C79807 /* PromotionsCellView.swift */ = {isa = PBXFileReference; lastKnownFileType = sourcecode.swift; path = PromotionsCellView.swift; sourceTree = "<group>"; };
		24A2DAF3296DEF8100C79807 /* SelectedPromotionView.swift */ = {isa = PBXFileReference; lastKnownFileType = sourcecode.swift; path = SelectedPromotionView.swift; sourceTree = "<group>"; };
		24A2DAF5296DF05500C79807 /* ImageParralaxView.swift */ = {isa = PBXFileReference; lastKnownFileType = sourcecode.swift; path = ImageParralaxView.swift; sourceTree = "<group>"; };
		24A2DAF7296DF4A000C79807 /* SelectedPromotonResultsView.swift */ = {isa = PBXFileReference; lastKnownFileType = sourcecode.swift; path = SelectedPromotonResultsView.swift; sourceTree = "<group>"; };
		24A2DAFA296DFB4F00C79807 /* NoResultsFoundView.swift */ = {isa = PBXFileReference; lastKnownFileType = sourcecode.swift; path = NoResultsFoundView.swift; sourceTree = "<group>"; };
		24A2DAFD296DFBA200C79807 /* SearchResultsView.swift */ = {isa = PBXFileReference; lastKnownFileType = sourcecode.swift; path = SearchResultsView.swift; sourceTree = "<group>"; };
		24A2DB00296DFCC700C79807 /* ShoppingListEmptyView.swift */ = {isa = PBXFileReference; lastKnownFileType = sourcecode.swift; path = ShoppingListEmptyView.swift; sourceTree = "<group>"; };
		24BB47052958E79C00F48821 /* BarcodeScannerView.swift */ = {isa = PBXFileReference; lastKnownFileType = sourcecode.swift; path = BarcodeScannerView.swift; sourceTree = "<group>"; };
		24BB47082958E7D700F48821 /* CameraModel.swift */ = {isa = PBXFileReference; lastKnownFileType = sourcecode.swift; path = CameraModel.swift; sourceTree = "<group>"; };
		24BB470A295936B600F48821 /* Scanned.swift */ = {isa = PBXFileReference; lastKnownFileType = sourcecode.swift; path = Scanned.swift; sourceTree = "<group>"; };
		24BB470C2959461C00F48821 /* ScannedProduct+EXT.swift */ = {isa = PBXFileReference; lastKnownFileType = sourcecode.swift; path = "ScannedProduct+EXT.swift"; sourceTree = "<group>"; };
		24BB470E2959466600F48821 /* Nearby Store.swift */ = {isa = PBXFileReference; lastKnownFileType = sourcecode.swift; path = "Nearby Store.swift"; sourceTree = "<group>"; };
		24BB47102959468F00F48821 /* ScannedProductView.swift */ = {isa = PBXFileReference; lastKnownFileType = sourcecode.swift; path = ScannedProductView.swift; sourceTree = "<group>"; };
		24C4286E295A56F6006CDE35 /* SelectedStoreInStockView.swift */ = {isa = PBXFileReference; lastKnownFileType = sourcecode.swift; path = SelectedStoreInStockView.swift; sourceTree = "<group>"; };
		24C42870295A574E006CDE35 /* Keys.plist */ = {isa = PBXFileReference; lastKnownFileType = text.plist.xml; path = Keys.plist; sourceTree = "<group>"; };
		24C42872295A59F7006CDE35 /* RedCircle.swift */ = {isa = PBXFileReference; lastKnownFileType = sourcecode.swift; path = RedCircle.swift; sourceTree = "<group>"; };
		24C64300296A3D1C00BA5644 /* SearchRequestManager.swift */ = {isa = PBXFileReference; lastKnownFileType = sourcecode.swift; path = SearchRequestManager.swift; sourceTree = "<group>"; };
		24C64302296A513B00BA5644 /* ShoppingListMerchandiseResultsView.swift */ = {isa = PBXFileReference; lastKnownFileType = sourcecode.swift; path = ShoppingListMerchandiseResultsView.swift; sourceTree = "<group>"; };
		24CA986F2955A679009BACD6 /* SelectFavoriteStoreView.swift */ = {isa = PBXFileReference; lastKnownFileType = sourcecode.swift; path = SelectFavoriteStoreView.swift; sourceTree = "<group>"; };
		24CA9871295630D5009BACD6 /* Annotation.swift */ = {isa = PBXFileReference; lastKnownFileType = sourcecode.swift; path = Annotation.swift; sourceTree = "<group>"; };
		24CA987329563E96009BACD6 /* SelectedStore.swift */ = {isa = PBXFileReference; lastKnownFileType = sourcecode.swift; path = SelectedStore.swift; sourceTree = "<group>"; };
		24CA98752956D0E9009BACD6 /* OnBoardModel.swift */ = {isa = PBXFileReference; lastKnownFileType = sourcecode.swift; path = OnBoardModel.swift; sourceTree = "<group>"; };
		24CA98772956D382009BACD6 /* ThankYouView.swift */ = {isa = PBXFileReference; lastKnownFileType = sourcecode.swift; path = ThankYouView.swift; sourceTree = "<group>"; };
		24CA987A2956E084009BACD6 /* MerchandiseStockView.swift */ = {isa = PBXFileReference; lastKnownFileType = sourcecode.swift; path = MerchandiseStockView.swift; sourceTree = "<group>"; };
		24CA987C29576E9C009BACD6 /* Store+EXT.swift */ = {isa = PBXFileReference; lastKnownFileType = sourcecode.swift; path = "Store+EXT.swift"; sourceTree = "<group>"; };
		24E097852972768100FC2837 /* ShoppingListScannedItemView.swift */ = {isa = PBXFileReference; lastKnownFileType = sourcecode.swift; path = ShoppingListScannedItemView.swift; sourceTree = "<group>"; };
		24F5BE6B29709A49004BC04F /* DiscoverContentSection.swift */ = {isa = PBXFileReference; lastKnownFileType = sourcecode.swift; path = DiscoverContentSection.swift; sourceTree = "<group>"; };
		24F6A02929544AD60032D4B3 /* UINav+EXT.swift */ = {isa = PBXFileReference; lastKnownFileType = sourcecode.swift; path = "UINav+EXT.swift"; sourceTree = "<group>"; };
		24F6A02B29544DBA0032D4B3 /* Launch.storyboard */ = {isa = PBXFileReference; lastKnownFileType = file.storyboard; path = Launch.storyboard; sourceTree = "<group>"; };
		24F6A02E295503D50032D4B3 /* Store.swift */ = {isa = PBXFileReference; lastKnownFileType = sourcecode.swift; path = Store.swift; sourceTree = "<group>"; };
		24F6A0302955091B0032D4B3 /* StoreStockManager.swift */ = {isa = PBXFileReference; lastKnownFileType = sourcecode.swift; path = StoreStockManager.swift; sourceTree = "<group>"; };
		24F6A03329557DAC0032D4B3 /* WelcomeView.swift */ = {isa = PBXFileReference; lastKnownFileType = sourcecode.swift; path = WelcomeView.swift; sourceTree = "<group>"; };
		24F6A03729557F3A0032D4B3 /* HomeStoreView.swift */ = {isa = PBXFileReference; lastKnownFileType = sourcecode.swift; path = HomeStoreView.swift; sourceTree = "<group>"; };
		24F6A03F295590140032D4B3 /* ShoppingListManager.swift */ = {isa = PBXFileReference; lastKnownFileType = sourcecode.swift; path = ShoppingListManager.swift; sourceTree = "<group>"; };
		24F6A054295596A40032D4B3 /* LocationManager.swift */ = {isa = PBXFileReference; lastKnownFileType = sourcecode.swift; path = LocationManager.swift; sourceTree = "<group>"; };
		24F6A05629559ADB0032D4B3 /* Info.plist */ = {isa = PBXFileReference; lastKnownFileType = text.plist; path = Info.plist; sourceTree = "<group>"; };
		24FB7A97295CA66C00C578E4 /* ShoppingList.swift */ = {isa = PBXFileReference; lastKnownFileType = sourcecode.swift; path = ShoppingList.swift; sourceTree = "<group>"; };
		2B8FEE332D5C89B147BA68F8 /* Pods-Targey.release.xcconfig */ = {isa = PBXFileReference; includeInIndex = 1; lastKnownFileType = text.xcconfig; name = "Pods-Targey.release.xcconfig"; path = "Target Support Files/Pods-Targey/Pods-Targey.release.xcconfig"; sourceTree = "<group>"; };
		41805B21B6731035CE435B1D /* Pods-Targey.debug.xcconfig */ = {isa = PBXFileReference; includeInIndex = 1; lastKnownFileType = text.xcconfig; name = "Pods-Targey.debug.xcconfig"; path = "Target Support Files/Pods-Targey/Pods-Targey.debug.xcconfig"; sourceTree = "<group>"; };
		A81BBFB35CDA08B5D840CB42 /* Pods_Targey.framework */ = {isa = PBXFileReference; explicitFileType = wrapper.framework; includeInIndex = 0; path = Pods_Targey.framework; sourceTree = BUILT_PRODUCTS_DIR; };
/* End PBXFileReference section */

/* Begin PBXFrameworksBuildPhase section */
		240C76142952A52100C25880 /* Frameworks */ = {
			isa = PBXFrameworksBuildPhase;
			buildActionMask = 2147483647;
			files = (
				28BC87A402D4E792DE2F094A /* Pods_Targey.framework in Frameworks */,
			);
			runOnlyForDeploymentPostprocessing = 0;
		};
/* End PBXFrameworksBuildPhase section */

/* Begin PBXGroup section */
		240C760E2952A52100C25880 = {
			isa = PBXGroup;
			children = (
				240C76192952A52100C25880 /* Targey */,
				240C76182952A52100C25880 /* Products */,
				A7073682903232D6B2A1183F /* Pods */,
				6EC72DF47C8F19FEEEC4DC04 /* Frameworks */,
			);
			sourceTree = "<group>";
		};
		240C76182952A52100C25880 /* Products */ = {
			isa = PBXGroup;
			children = (
				240C76172952A52100C25880 /* Targey.app */,
			);
			name = Products;
			sourceTree = "<group>";
		};
		240C76192952A52100C25880 /* Targey */ = {
			isa = PBXGroup;
			children = (
				24F6A05629559ADB0032D4B3 /* Info.plist */,
				24C42870295A574E006CDE35 /* Keys.plist */,
				24A2DAE6296DE48B00C79807 /* GoogleService-Info.plist */,
				240C761A2952A52100C25880 /* TargeyApp.swift */,
				24F6A02B29544DBA0032D4B3 /* Launch.storyboard */,
				240C761E2952A52400C25880 /* Assets.xcassets */,
				240C76282952A5CD00C25880 /* Extensions */,
				240C763B2953D27600C25880 /* Models */,
				240C76352952DD0C00C25880 /* View Models */,
				24A2DAE2296DE0D600C79807 /* Firebase */,
				240C76322952DB2800C25880 /* RedCircle API */,
				24F6A03929557FC60032D4B3 /* CoreData */,
				240C76382953CF8900C25880 /* Views */,
				243BBBFE297119E50098872A /* UIKit */,
				240C762B2952A64300C25880 /* Tab */,
				240C76202952A52400C25880 /* Preview Content */,
			);
			path = Targey;
			sourceTree = "<group>";
		};
		240C76202952A52400C25880 /* Preview Content */ = {
			isa = PBXGroup;
			children = (
				240C76212952A52400C25880 /* Preview Assets.xcassets */,
			);
			path = "Preview Content";
			sourceTree = "<group>";
		};
		240C76282952A5CD00C25880 /* Extensions */ = {
			isa = PBXGroup;
			children = (
				240C76292952A5D700C25880 /* Color+EXT.swift */,
				240C76302952DA5600C25880 /* URL+EXT.swift */,
				240C76412953E22000C25880 /* Image+EXT.swift */,
				240C764529540C2B00C25880 /* View+EXT.swift */,
				24F6A02929544AD60032D4B3 /* UINav+EXT.swift */,
				240C763F2953D77300C25880 /* Merchandise+EXT.swift */,
				24BB470C2959461C00F48821 /* ScannedProduct+EXT.swift */,
				24CA987C29576E9C009BACD6 /* Store+EXT.swift */,
				2499532F296A791700978543 /* String+EXT.swift */,
				2419226F2976501A00FE2CB3 /* CDShopItem+EXT.swift */,
			);
			path = Extensions;
			sourceTree = "<group>";
		};
		240C762B2952A64300C25880 /* Tab */ = {
			isa = PBXGroup;
			children = (
				240C761C2952A52100C25880 /* Tab.swift */,
				240C762C2952A64E00C25880 /* Discover.swift */,
				241922732977009B00FE2CB3 /* MyList.swift */,
				240C76472954186E00C25880 /* Search.swift */,
			);
			path = Tab;
			sourceTree = "<group>";
		};
		240C76322952DB2800C25880 /* RedCircle API */ = {
			isa = PBXGroup;
			children = (
				24C42872295A59F7006CDE35 /* RedCircle.swift */,
				240C76332952DB4700C25880 /* SearchManager.swift */,
				24F6A0302955091B0032D4B3 /* StoreStockManager.swift */,
			);
			path = "RedCircle API";
			sourceTree = "<group>";
		};
		240C76352952DD0C00C25880 /* View Models */ = {
			isa = PBXGroup;
			children = (
				24CA98752956D0E9009BACD6 /* OnBoardModel.swift */,
				24A2DAED296DE99A00C79807 /* PromotionsViewModel.swift */,
				24BB47082958E7D700F48821 /* CameraModel.swift */,
				240C76362952DD1C00C25880 /* SearchViewModel.swift */,
				24F6A054295596A40032D4B3 /* LocationManager.swift */,
				241EE923295F7629005F41D9 /* ShoppingListViewModel.swift */,
			);
			path = "View Models";
			sourceTree = "<group>";
		};
		240C76382953CF8900C25880 /* Views */ = {
			isa = PBXGroup;
			children = (
				2419226A2976222500FE2CB3 /* User Settings */,
				24F5BE65297093AC004BC04F /* Discover */,
				241922712977007300FE2CB3 /* My List */,
				24F6A02D29544F600032D4B3 /* Merchandise Search */,
				24F6A03229557D4C0032D4B3 /* Onboarding */,
				24A2DAEA296DE58100C79807 /* Progress Views */,
				24A2DAFF296DFC7200C79807 /* Animation */,
				24995329296A601100978543 /* CameraOutputView.swift */,
			);
			path = Views;
			sourceTree = "<group>";
		};
		240C763B2953D27600C25880 /* Models */ = {
			isa = PBXGroup;
			children = (
				240C763C2953D27E00C25880 /* Merchandise.swift */,
				24F6A02E295503D50032D4B3 /* Store.swift */,
				24BB470A295936B600F48821 /* Scanned.swift */,
				241EE921295F6F9B005F41D9 /* Shopping List.swift */,
				24BB470E2959466600F48821 /* Nearby Store.swift */,
				24A2DAE0296DE08700C79807 /* Promotion.swift */,
			);
			path = Models;
			sourceTree = "<group>";
		};
		2419226A2976222500FE2CB3 /* User Settings */ = {
			isa = PBXGroup;
			children = (
				2419226B2976223500FE2CB3 /* UserSettingsView.swift */,
			);
			path = "User Settings";
			sourceTree = "<group>";
		};
		241922712977007300FE2CB3 /* My List */ = {
			isa = PBXGroup;
			children = (
				241EE925296021EA005F41D9 /* Shopping List */,
			);
			path = "My List";
			sourceTree = "<group>";
		};
		241EE925296021EA005F41D9 /* Shopping List */ = {
			isa = PBXGroup;
			children = (
				24FB7A97295CA66C00C578E4 /* ShoppingList.swift */,
				24C64302296A513B00BA5644 /* ShoppingListMerchandiseResultsView.swift */,
				2499532D296A657500978543 /* ShoppingListManualEnterView.swift */,
				24A2DB00296DFCC700C79807 /* ShoppingListEmptyView.swift */,
				2419226D29763AAD00FE2CB3 /* SelectedItemInShoppingList.swift */,
				24E097842972766800FC2837 /* Barcode Scanner */,
			);
			path = "Shopping List";
			sourceTree = "<group>";
		};
		243BBBFE297119E50098872A /* UIKit */ = {
			isa = PBXGroup;
			children = (
				243BBBFF29711A010098872A /* ViewController.swift */,
			);
			path = UIKit;
			sourceTree = "<group>";
		};
		24A2DAE2296DE0D600C79807 /* Firebase */ = {
			isa = PBXGroup;
			children = (
				24A2DAE3296DE12B00C79807 /* PromotionsManager.swift */,
			);
			path = Firebase;
			sourceTree = "<group>";
		};
		24A2DAE5296DE1FD00C79807 /* Promotions */ = {
			isa = PBXGroup;
			children = (
				24A2DAEF296DEA5800C79807 /* PromotionsView.swift */,
				24A2DAF1296DEA9900C79807 /* PromotionsCellView.swift */,
				24A2DAF3296DEF8100C79807 /* SelectedPromotionView.swift */,
				24A2DAF7296DF4A000C79807 /* SelectedPromotonResultsView.swift */,
			);
			path = Promotions;
			sourceTree = "<group>";
		};
		24A2DAEA296DE58100C79807 /* Progress Views */ = {
			isa = PBXGroup;
			children = (
				24A2DAFA296DFB4F00C79807 /* NoResultsFoundView.swift */,
				24A2DAE8296DE54600C79807 /* DogProgessView.swift */,
				24A2DAEB296DE5B700C79807 /* HangTightProgressView.swift */,
			);
			path = "Progress Views";
			sourceTree = "<group>";
		};
		24A2DAFC296DFB8400C79807 /* Search Results */ = {
			isa = PBXGroup;
			children = (
				24A2DAFD296DFBA200C79807 /* SearchResultsView.swift */,
			);
			path = "Search Results";
			sourceTree = "<group>";
		};
		24A2DAFF296DFC7200C79807 /* Animation */ = {
			isa = PBXGroup;
			children = (
				24A2DAF5296DF05500C79807 /* ImageParralaxView.swift */,
			);
			path = Animation;
			sourceTree = "<group>";
		};
		24BB47072958E7A000F48821 /* Barcode Scanner */ = {
			isa = PBXGroup;
			children = (
				24BB47052958E79C00F48821 /* BarcodeScannerView.swift */,
				24BB47102959468F00F48821 /* ScannedProductView.swift */,
				246A01312974444500797654 /* ScannedProductInformationView.swift */,
			);
			path = "Barcode Scanner";
			sourceTree = "<group>";
		};
		24C642FE296A3B5C00BA5644 /* Shopping List */ = {
			isa = PBXGroup;
			children = (
				2486C231296B2D2B00A693E6 /* ShoppingList.xcdatamodeld */,
				24F6A03F295590140032D4B3 /* ShoppingListManager.swift */,
			);
			path = "Shopping List";
			sourceTree = "<group>";
		};
		24C642FF296A3B7600BA5644 /* Search */ = {
			isa = PBXGroup;
			children = (
				24C64300296A3D1C00BA5644 /* SearchRequestManager.swift */,
			);
			path = Search;
			sourceTree = "<group>";
		};
		24CA98792956DC21009BACD6 /* Selected Merchandise */ = {
			isa = PBXGroup;
			children = (
				240C76392953CF9900C25880 /* SelectedMerchandiseView.swift */,
				24CA987A2956E084009BACD6 /* MerchandiseStockView.swift */,
				24C4286E295A56F6006CDE35 /* SelectedStoreInStockView.swift */,
			);
			path = "Selected Merchandise";
			sourceTree = "<group>";
		};
		24E097842972766800FC2837 /* Barcode Scanner */ = {
			isa = PBXGroup;
			children = (
				2499532B296A60D100978543 /* ShoppingListBarcodeScannerView.swift */,
				24E097852972768100FC2837 /* ShoppingListScannedItemView.swift */,
			);
			path = "Barcode Scanner";
			sourceTree = "<group>";
		};
		24F5BE65297093AC004BC04F /* Discover */ = {
			isa = PBXGroup;
			children = (
				24F5BE6B29709A49004BC04F /* DiscoverContentSection.swift */,
				24A2DAE5296DE1FD00C79807 /* Promotions */,
			);
			path = Discover;
			sourceTree = "<group>";
		};
		24F6A02D29544F600032D4B3 /* Merchandise Search */ = {
			isa = PBXGroup;
			children = (
				24A2DAFC296DFB8400C79807 /* Search Results */,
				24CA98792956DC21009BACD6 /* Selected Merchandise */,
				24BB47072958E7A000F48821 /* Barcode Scanner */,
			);
			path = "Merchandise Search";
			sourceTree = "<group>";
		};
		24F6A03229557D4C0032D4B3 /* Onboarding */ = {
			isa = PBXGroup;
			children = (
				24F6A04C295594680032D4B3 /* Home Store */,
				24CA98772956D382009BACD6 /* ThankYouView.swift */,
				24F6A03329557DAC0032D4B3 /* WelcomeView.swift */,
			);
			path = Onboarding;
			sourceTree = "<group>";
		};
		24F6A03929557FC60032D4B3 /* CoreData */ = {
			isa = PBXGroup;
			children = (
				24C642FF296A3B7600BA5644 /* Search */,
				24C642FE296A3B5C00BA5644 /* Shopping List */,
			);
			path = CoreData;
			sourceTree = "<group>";
		};
		24F6A04C295594680032D4B3 /* Home Store */ = {
			isa = PBXGroup;
			children = (
				24F6A03729557F3A0032D4B3 /* HomeStoreView.swift */,
				24CA986F2955A679009BACD6 /* SelectFavoriteStoreView.swift */,
				24CA987329563E96009BACD6 /* SelectedStore.swift */,
				24CA9871295630D5009BACD6 /* Annotation.swift */,
			);
			path = "Home Store";
			sourceTree = "<group>";
		};
		6EC72DF47C8F19FEEEC4DC04 /* Frameworks */ = {
			isa = PBXGroup;
			children = (
				A81BBFB35CDA08B5D840CB42 /* Pods_Targey.framework */,
			);
			name = Frameworks;
			sourceTree = "<group>";
		};
		A7073682903232D6B2A1183F /* Pods */ = {
			isa = PBXGroup;
			children = (
				41805B21B6731035CE435B1D /* Pods-Targey.debug.xcconfig */,
				2B8FEE332D5C89B147BA68F8 /* Pods-Targey.release.xcconfig */,
			);
			path = Pods;
			sourceTree = "<group>";
		};
/* End PBXGroup section */

/* Begin PBXNativeTarget section */
		240C76162952A52100C25880 /* Targey */ = {
			isa = PBXNativeTarget;
			buildConfigurationList = 240C76252952A52400C25880 /* Build configuration list for PBXNativeTarget "Targey" */;
			buildPhases = (
				BBD53D5A96D618DEE1194C27 /* [CP] Check Pods Manifest.lock */,
				240C76132952A52100C25880 /* Sources */,
				240C76142952A52100C25880 /* Frameworks */,
				240C76152952A52100C25880 /* Resources */,
				5E8C108500818EFC6E68ECE4 /* [CP] Embed Pods Frameworks */,
			);
			buildRules = (
			);
			dependencies = (
			);
			name = Targey;
			productName = Targey;
			productReference = 240C76172952A52100C25880 /* Targey.app */;
			productType = "com.apple.product-type.application";
		};
/* End PBXNativeTarget section */

/* Begin PBXProject section */
		240C760F2952A52100C25880 /* Project object */ = {
			isa = PBXProject;
			attributes = {
				BuildIndependentTargetsInParallel = 1;
				LastSwiftUpdateCheck = 1400;
				LastUpgradeCheck = 1400;
				TargetAttributes = {
					240C76162952A52100C25880 = {
						CreatedOnToolsVersion = 14.0.1;
					};
				};
			};
			buildConfigurationList = 240C76122952A52100C25880 /* Build configuration list for PBXProject "Targey" */;
			compatibilityVersion = "Xcode 14.0";
			developmentRegion = en;
			hasScannedForEncodings = 0;
			knownRegions = (
				en,
				Base,
			);
			mainGroup = 240C760E2952A52100C25880;
			productRefGroup = 240C76182952A52100C25880 /* Products */;
			projectDirPath = "";
			projectRoot = "";
			targets = (
				240C76162952A52100C25880 /* Targey */,
			);
		};
/* End PBXProject section */

/* Begin PBXResourcesBuildPhase section */
		240C76152952A52100C25880 /* Resources */ = {
			isa = PBXResourcesBuildPhase;
			buildActionMask = 2147483647;
			files = (
				240C76222952A52400C25880 /* Preview Assets.xcassets in Resources */,
				24C42871295A574E006CDE35 /* Keys.plist in Resources */,
				240C761F2952A52400C25880 /* Assets.xcassets in Resources */,
				24F6A02C29544DBA0032D4B3 /* Launch.storyboard in Resources */,
				24A2DAE7296DE48B00C79807 /* GoogleService-Info.plist in Resources */,
			);
			runOnlyForDeploymentPostprocessing = 0;
		};
/* End PBXResourcesBuildPhase section */

/* Begin PBXShellScriptBuildPhase section */
		5E8C108500818EFC6E68ECE4 /* [CP] Embed Pods Frameworks */ = {
			isa = PBXShellScriptBuildPhase;
			buildActionMask = 2147483647;
			files = (
			);
			inputFileListPaths = (
				"${PODS_ROOT}/Target Support Files/Pods-Targey/Pods-Targey-frameworks-${CONFIGURATION}-input-files.xcfilelist",
			);
			name = "[CP] Embed Pods Frameworks";
			outputFileListPaths = (
				"${PODS_ROOT}/Target Support Files/Pods-Targey/Pods-Targey-frameworks-${CONFIGURATION}-output-files.xcfilelist",
			);
			runOnlyForDeploymentPostprocessing = 0;
			shellPath = /bin/sh;
			shellScript = "\"${PODS_ROOT}/Target Support Files/Pods-Targey/Pods-Targey-frameworks.sh\"\n";
			showEnvVarsInLog = 0;
		};
		BBD53D5A96D618DEE1194C27 /* [CP] Check Pods Manifest.lock */ = {
			isa = PBXShellScriptBuildPhase;
			buildActionMask = 2147483647;
			files = (
			);
			inputFileListPaths = (
			);
			inputPaths = (
				"${PODS_PODFILE_DIR_PATH}/Podfile.lock",
				"${PODS_ROOT}/Manifest.lock",
			);
			name = "[CP] Check Pods Manifest.lock";
			outputFileListPaths = (
			);
			outputPaths = (
				"$(DERIVED_FILE_DIR)/Pods-Targey-checkManifestLockResult.txt",
			);
			runOnlyForDeploymentPostprocessing = 0;
			shellPath = /bin/sh;
			shellScript = "diff \"${PODS_PODFILE_DIR_PATH}/Podfile.lock\" \"${PODS_ROOT}/Manifest.lock\" > /dev/null\nif [ $? != 0 ] ; then\n    # print error to STDERR\n    echo \"error: The sandbox is not in sync with the Podfile.lock. Run 'pod install' or update your CocoaPods installation.\" >&2\n    exit 1\nfi\n# This output is used by Xcode 'outputs' to avoid re-running this script phase.\necho \"SUCCESS\" > \"${SCRIPT_OUTPUT_FILE_0}\"\n";
			showEnvVarsInLog = 0;
		};
/* End PBXShellScriptBuildPhase section */

/* Begin PBXSourcesBuildPhase section */
		240C76132952A52100C25880 /* Sources */ = {
			isa = PBXSourcesBuildPhase;
			buildActionMask = 2147483647;
			files = (
				24A2DAF0296DEA5800C79807 /* PromotionsView.swift in Sources */,
				24F5BE6C29709A49004BC04F /* DiscoverContentSection.swift in Sources */,
				24BB47062958E79C00F48821 /* BarcodeScannerView.swift in Sources */,
				2486C233296B2D2B00A693E6 /* ShoppingList.xcdatamodeld in Sources */,
				24A2DAEE296DE99A00C79807 /* PromotionsViewModel.swift in Sources */,
				240C762A2952A5D700C25880 /* Color+EXT.swift in Sources */,
				24CA9872295630D5009BACD6 /* Annotation.swift in Sources */,
				2499532A296A601100978543 /* CameraOutputView.swift in Sources */,
				24A2DAE9296DE54600C79807 /* DogProgessView.swift in Sources */,
				24F6A02A29544AD60032D4B3 /* UINav+EXT.swift in Sources */,
				240C76342952DB4700C25880 /* SearchManager.swift in Sources */,
				241922742977009B00FE2CB3 /* MyList.swift in Sources */,
				24A2DAE4296DE12B00C79807 /* PromotionsManager.swift in Sources */,
				24F6A040295590140032D4B3 /* ShoppingListManager.swift in Sources */,
				24A2DAF6296DF05500C79807 /* ImageParralaxView.swift in Sources */,
				24F6A02F295503D50032D4B3 /* Store.swift in Sources */,
				240C76372952DD1C00C25880 /* SearchViewModel.swift in Sources */,
				240C764629540C2B00C25880 /* View+EXT.swift in Sources */,
				24C64301296A3D1C00BA5644 /* SearchRequestManager.swift in Sources */,
				24CA987B2956E084009BACD6 /* MerchandiseStockView.swift in Sources */,
				24A2DAE1296DE08700C79807 /* Promotion.swift in Sources */,
				24A2DAEC296DE5B700C79807 /* HangTightProgressView.swift in Sources */,
				241EE924295F7629005F41D9 /* ShoppingListViewModel.swift in Sources */,
				24F6A055295596A40032D4B3 /* LocationManager.swift in Sources */,
				2499532E296A657500978543 /* ShoppingListManualEnterView.swift in Sources */,
				24CA98702955A679009BACD6 /* SelectFavoriteStoreView.swift in Sources */,
				24BB470B295936B600F48821 /* Scanned.swift in Sources */,
				24A2DAF4296DEF8100C79807 /* SelectedPromotionView.swift in Sources */,
				2499532C296A60D100978543 /* ShoppingListBarcodeScannerView.swift in Sources */,
				2419226E29763AAD00FE2CB3 /* SelectedItemInShoppingList.swift in Sources */,
				24A2DAFE296DFBA200C79807 /* SearchResultsView.swift in Sources */,
				240C762D2952A64E00C25880 /* Discover.swift in Sources */,
				24FB7A98295CA66C00C578E4 /* ShoppingList.swift in Sources */,
				24A2DAFB296DFB4F00C79807 /* NoResultsFoundView.swift in Sources */,
				24995330296A791700978543 /* String+EXT.swift in Sources */,
				24F6A03829557F3A0032D4B3 /* HomeStoreView.swift in Sources */,
				24BB47092958E7D700F48821 /* CameraModel.swift in Sources */,
				24A2DAF2296DEA9900C79807 /* PromotionsCellView.swift in Sources */,
				240C763A2953CF9900C25880 /* SelectedMerchandiseView.swift in Sources */,
				240C761D2952A52100C25880 /* Tab.swift in Sources */,
				240C76312952DA5600C25880 /* URL+EXT.swift in Sources */,
				243BBC0029711A010098872A /* ViewController.swift in Sources */,
				2419226C2976223500FE2CB3 /* UserSettingsView.swift in Sources */,
				24E097862972768100FC2837 /* ShoppingListScannedItemView.swift in Sources */,
				240C763D2953D27E00C25880 /* Merchandise.swift in Sources */,
				240C761B2952A52100C25880 /* TargeyApp.swift in Sources */,
				24C4286F295A56F6006CDE35 /* SelectedStoreInStockView.swift in Sources */,
				24C42873295A59F7006CDE35 /* RedCircle.swift in Sources */,
				24A2DAF8296DF4A000C79807 /* SelectedPromotonResultsView.swift in Sources */,
				24F6A0312955091B0032D4B3 /* StoreStockManager.swift in Sources */,
				24BB470F2959466600F48821 /* Nearby Store.swift in Sources */,
				24F6A03429557DAC0032D4B3 /* WelcomeView.swift in Sources */,
				24BB47112959468F00F48821 /* ScannedProductView.swift in Sources */,
				240C76482954186E00C25880 /* Search.swift in Sources */,
				246A01322974444500797654 /* ScannedProductInformationView.swift in Sources */,
				24CA98762956D0E9009BACD6 /* OnBoardModel.swift in Sources */,
				24CA987D29576E9C009BACD6 /* Store+EXT.swift in Sources */,
				24CA98782956D382009BACD6 /* ThankYouView.swift in Sources */,
				24C64303296A513B00BA5644 /* ShoppingListMerchandiseResultsView.swift in Sources */,
				24CA987429563E96009BACD6 /* SelectedStore.swift in Sources */,
				241EE922295F6F9B005F41D9 /* Shopping List.swift in Sources */,
				240C76422953E22000C25880 /* Image+EXT.swift in Sources */,
				24BB470D2959461C00F48821 /* ScannedProduct+EXT.swift in Sources */,
				24A2DB01296DFCC700C79807 /* ShoppingListEmptyView.swift in Sources */,
				240C76402953D77300C25880 /* Merchandise+EXT.swift in Sources */,
				241922702976501A00FE2CB3 /* CDShopItem+EXT.swift in Sources */,
			);
			runOnlyForDeploymentPostprocessing = 0;
		};
/* End PBXSourcesBuildPhase section */

/* Begin XCBuildConfiguration section */
		240C76232952A52400C25880 /* Debug */ = {
			isa = XCBuildConfiguration;
			buildSettings = {
				ALWAYS_SEARCH_USER_PATHS = NO;
				CLANG_ANALYZER_NONNULL = YES;
				CLANG_ANALYZER_NUMBER_OBJECT_CONVERSION = YES_AGGRESSIVE;
				CLANG_CXX_LANGUAGE_STANDARD = "gnu++20";
				CLANG_ENABLE_MODULES = YES;
				CLANG_ENABLE_OBJC_ARC = YES;
				CLANG_ENABLE_OBJC_WEAK = YES;
				CLANG_WARN_BLOCK_CAPTURE_AUTORELEASING = YES;
				CLANG_WARN_BOOL_CONVERSION = YES;
				CLANG_WARN_COMMA = YES;
				CLANG_WARN_CONSTANT_CONVERSION = YES;
				CLANG_WARN_DEPRECATED_OBJC_IMPLEMENTATIONS = YES;
				CLANG_WARN_DIRECT_OBJC_ISA_USAGE = YES_ERROR;
				CLANG_WARN_DOCUMENTATION_COMMENTS = YES;
				CLANG_WARN_EMPTY_BODY = YES;
				CLANG_WARN_ENUM_CONVERSION = YES;
				CLANG_WARN_INFINITE_RECURSION = YES;
				CLANG_WARN_INT_CONVERSION = YES;
				CLANG_WARN_NON_LITERAL_NULL_CONVERSION = YES;
				CLANG_WARN_OBJC_IMPLICIT_RETAIN_SELF = YES;
				CLANG_WARN_OBJC_LITERAL_CONVERSION = YES;
				CLANG_WARN_OBJC_ROOT_CLASS = YES_ERROR;
				CLANG_WARN_QUOTED_INCLUDE_IN_FRAMEWORK_HEADER = YES;
				CLANG_WARN_RANGE_LOOP_ANALYSIS = YES;
				CLANG_WARN_STRICT_PROTOTYPES = YES;
				CLANG_WARN_SUSPICIOUS_MOVE = YES;
				CLANG_WARN_UNGUARDED_AVAILABILITY = YES_AGGRESSIVE;
				CLANG_WARN_UNREACHABLE_CODE = YES;
				CLANG_WARN__DUPLICATE_METHOD_MATCH = YES;
				COPY_PHASE_STRIP = NO;
				DEBUG_INFORMATION_FORMAT = dwarf;
				ENABLE_STRICT_OBJC_MSGSEND = YES;
				ENABLE_TESTABILITY = YES;
				GCC_C_LANGUAGE_STANDARD = gnu11;
				GCC_DYNAMIC_NO_PIC = NO;
				GCC_NO_COMMON_BLOCKS = YES;
				GCC_OPTIMIZATION_LEVEL = 0;
				GCC_PREPROCESSOR_DEFINITIONS = (
					"DEBUG=1",
					"$(inherited)",
				);
				GCC_WARN_64_TO_32_BIT_CONVERSION = YES;
				GCC_WARN_ABOUT_RETURN_TYPE = YES_ERROR;
				GCC_WARN_UNDECLARED_SELECTOR = YES;
				GCC_WARN_UNINITIALIZED_AUTOS = YES_AGGRESSIVE;
				GCC_WARN_UNUSED_FUNCTION = YES;
				GCC_WARN_UNUSED_VARIABLE = YES;
				IPHONEOS_DEPLOYMENT_TARGET = 16.0;
				MTL_ENABLE_DEBUG_INFO = INCLUDE_SOURCE;
				MTL_FAST_MATH = YES;
				ONLY_ACTIVE_ARCH = YES;
				SDKROOT = iphoneos;
				SWIFT_ACTIVE_COMPILATION_CONDITIONS = DEBUG;
				SWIFT_OPTIMIZATION_LEVEL = "-Onone";
			};
			name = Debug;
		};
		240C76242952A52400C25880 /* Release */ = {
			isa = XCBuildConfiguration;
			buildSettings = {
				ALWAYS_SEARCH_USER_PATHS = NO;
				CLANG_ANALYZER_NONNULL = YES;
				CLANG_ANALYZER_NUMBER_OBJECT_CONVERSION = YES_AGGRESSIVE;
				CLANG_CXX_LANGUAGE_STANDARD = "gnu++20";
				CLANG_ENABLE_MODULES = YES;
				CLANG_ENABLE_OBJC_ARC = YES;
				CLANG_ENABLE_OBJC_WEAK = YES;
				CLANG_WARN_BLOCK_CAPTURE_AUTORELEASING = YES;
				CLANG_WARN_BOOL_CONVERSION = YES;
				CLANG_WARN_COMMA = YES;
				CLANG_WARN_CONSTANT_CONVERSION = YES;
				CLANG_WARN_DEPRECATED_OBJC_IMPLEMENTATIONS = YES;
				CLANG_WARN_DIRECT_OBJC_ISA_USAGE = YES_ERROR;
				CLANG_WARN_DOCUMENTATION_COMMENTS = YES;
				CLANG_WARN_EMPTY_BODY = YES;
				CLANG_WARN_ENUM_CONVERSION = YES;
				CLANG_WARN_INFINITE_RECURSION = YES;
				CLANG_WARN_INT_CONVERSION = YES;
				CLANG_WARN_NON_LITERAL_NULL_CONVERSION = YES;
				CLANG_WARN_OBJC_IMPLICIT_RETAIN_SELF = YES;
				CLANG_WARN_OBJC_LITERAL_CONVERSION = YES;
				CLANG_WARN_OBJC_ROOT_CLASS = YES_ERROR;
				CLANG_WARN_QUOTED_INCLUDE_IN_FRAMEWORK_HEADER = YES;
				CLANG_WARN_RANGE_LOOP_ANALYSIS = YES;
				CLANG_WARN_STRICT_PROTOTYPES = YES;
				CLANG_WARN_SUSPICIOUS_MOVE = YES;
				CLANG_WARN_UNGUARDED_AVAILABILITY = YES_AGGRESSIVE;
				CLANG_WARN_UNREACHABLE_CODE = YES;
				CLANG_WARN__DUPLICATE_METHOD_MATCH = YES;
				COPY_PHASE_STRIP = NO;
				DEBUG_INFORMATION_FORMAT = "dwarf-with-dsym";
				ENABLE_NS_ASSERTIONS = NO;
				ENABLE_STRICT_OBJC_MSGSEND = YES;
				GCC_C_LANGUAGE_STANDARD = gnu11;
				GCC_NO_COMMON_BLOCKS = YES;
				GCC_WARN_64_TO_32_BIT_CONVERSION = YES;
				GCC_WARN_ABOUT_RETURN_TYPE = YES_ERROR;
				GCC_WARN_UNDECLARED_SELECTOR = YES;
				GCC_WARN_UNINITIALIZED_AUTOS = YES_AGGRESSIVE;
				GCC_WARN_UNUSED_FUNCTION = YES;
				GCC_WARN_UNUSED_VARIABLE = YES;
				IPHONEOS_DEPLOYMENT_TARGET = 16.0;
				MTL_ENABLE_DEBUG_INFO = NO;
				MTL_FAST_MATH = YES;
				SDKROOT = iphoneos;
				SWIFT_COMPILATION_MODE = wholemodule;
				SWIFT_OPTIMIZATION_LEVEL = "-O";
				VALIDATE_PRODUCT = YES;
			};
			name = Release;
		};
		240C76262952A52400C25880 /* Debug */ = {
			isa = XCBuildConfiguration;
			baseConfigurationReference = 41805B21B6731035CE435B1D /* Pods-Targey.debug.xcconfig */;
			buildSettings = {
				ASSETCATALOG_COMPILER_APPICON_NAME = AppIcon;
				ASSETCATALOG_COMPILER_GLOBAL_ACCENT_COLOR_NAME = AccentColor;
				CODE_SIGN_STYLE = Automatic;
				CURRENT_PROJECT_VERSION = 1;
				DEVELOPMENT_ASSET_PATHS = "\"Targey/Preview Content\"";
				DEVELOPMENT_TEAM = H5L7QT5U7B;
				ENABLE_PREVIEWS = YES;
				GENERATE_INFOPLIST_FILE = YES;
				INFOPLIST_FILE = Targey/Info.plist;
				INFOPLIST_KEY_NSCameraUsageDescription = "We'll be using your camera to scan products!";
				INFOPLIST_KEY_NSLocationAlwaysAndWhenInUseUsageDescription = "Targey will be requiring your location for checking nearby stores for stocks, directions to stores, and more to come!";
				INFOPLIST_KEY_NSLocationWhenInUseUsageDescription = "Targey will be requiring your location for checking nearby stores for stocks, directions to stores, and more to come!";
				INFOPLIST_KEY_UIApplicationSceneManifest_Generation = YES;
				INFOPLIST_KEY_UIApplicationSupportsIndirectInputEvents = YES;
				INFOPLIST_KEY_UILaunchScreen_Generation = YES;
				INFOPLIST_KEY_UILaunchStoryboardName = Launch.storyboard;
				INFOPLIST_KEY_UIStatusBarHidden = YES;
				INFOPLIST_KEY_UISupportedInterfaceOrientations = UIInterfaceOrientationPortrait;
				IPHONEOS_DEPLOYMENT_TARGET = 15.0;
				LD_RUNPATH_SEARCH_PATHS = (
					"$(inherited)",
					"@executable_path/Frameworks",
				);
				MARKETING_VERSION = 1.0;
				PRODUCT_BUNDLE_IDENTIFIER = JaylenKSmith.Targey;
				PRODUCT_NAME = "$(TARGET_NAME)";
				SWIFT_EMIT_LOC_STRINGS = YES;
				SWIFT_VERSION = 5.0;
				TARGETED_DEVICE_FAMILY = "1,2";
			};
			name = Debug;
		};
		240C76272952A52400C25880 /* Release */ = {
			isa = XCBuildConfiguration;
			baseConfigurationReference = 2B8FEE332D5C89B147BA68F8 /* Pods-Targey.release.xcconfig */;
			buildSettings = {
				ASSETCATALOG_COMPILER_APPICON_NAME = AppIcon;
				ASSETCATALOG_COMPILER_GLOBAL_ACCENT_COLOR_NAME = AccentColor;
				CODE_SIGN_STYLE = Automatic;
				CURRENT_PROJECT_VERSION = 1;
				DEVELOPMENT_ASSET_PATHS = "\"Targey/Preview Content\"";
				DEVELOPMENT_TEAM = H5L7QT5U7B;
				ENABLE_PREVIEWS = YES;
				GENERATE_INFOPLIST_FILE = YES;
				INFOPLIST_FILE = Targey/Info.plist;
				INFOPLIST_KEY_NSCameraUsageDescription = "We'll be using your camera to scan products!";
				INFOPLIST_KEY_NSLocationAlwaysAndWhenInUseUsageDescription = "Targey will be requiring your location for checking nearby stores for stocks, directions to stores, and more to come!";
				INFOPLIST_KEY_NSLocationWhenInUseUsageDescription = "Targey will be requiring your location for checking nearby stores for stocks, directions to stores, and more to come!";
				INFOPLIST_KEY_UIApplicationSceneManifest_Generation = YES;
				INFOPLIST_KEY_UIApplicationSupportsIndirectInputEvents = YES;
				INFOPLIST_KEY_UILaunchScreen_Generation = YES;
				INFOPLIST_KEY_UILaunchStoryboardName = Launch.storyboard;
				INFOPLIST_KEY_UIStatusBarHidden = YES;
				INFOPLIST_KEY_UISupportedInterfaceOrientations = UIInterfaceOrientationPortrait;
				IPHONEOS_DEPLOYMENT_TARGET = 15.0;
				LD_RUNPATH_SEARCH_PATHS = (
					"$(inherited)",
					"@executable_path/Frameworks",
				);
				MARKETING_VERSION = 1.0;
				PRODUCT_BUNDLE_IDENTIFIER = JaylenKSmith.Targey;
				PRODUCT_NAME = "$(TARGET_NAME)";
				SWIFT_EMIT_LOC_STRINGS = YES;
				SWIFT_VERSION = 5.0;
				TARGETED_DEVICE_FAMILY = "1,2";
			};
			name = Release;
		};
/* End XCBuildConfiguration section */

/* Begin XCConfigurationList section */
		240C76122952A52100C25880 /* Build configuration list for PBXProject "Targey" */ = {
			isa = XCConfigurationList;
			buildConfigurations = (
				240C76232952A52400C25880 /* Debug */,
				240C76242952A52400C25880 /* Release */,
			);
			defaultConfigurationIsVisible = 0;
			defaultConfigurationName = Release;
		};
		240C76252952A52400C25880 /* Build configuration list for PBXNativeTarget "Targey" */ = {
			isa = XCConfigurationList;
			buildConfigurations = (
				240C76262952A52400C25880 /* Debug */,
				240C76272952A52400C25880 /* Release */,
			);
			defaultConfigurationIsVisible = 0;
			defaultConfigurationName = Release;
		};
/* End XCConfigurationList section */

/* Begin XCVersionGroup section */
		2486C231296B2D2B00A693E6 /* ShoppingList.xcdatamodeld */ = {
			isa = XCVersionGroup;
			children = (
				2486C232296B2D2B00A693E6 /* ShoppingList.xcdatamodel */,
			);
			currentVersion = 2486C232296B2D2B00A693E6 /* ShoppingList.xcdatamodel */;
			path = ShoppingList.xcdatamodeld;
			sourceTree = "<group>";
			versionGroupType = wrapper.xcdatamodel;
		};
/* End XCVersionGroup section */
	};
	rootObject = 240C760F2952A52100C25880 /* Project object */;
}
